Microsoft Visual Studio Solution File, Format Version 11.00
# Visual Studio 2008

Project("{9B4A96CF-A449-705E-6047-EF4AFDE7154B}") = "VirtualPetSemester2", "Assembly-CSharp.csproj", "{986A9FC0-71D7-7CBD-4948-6E90307FB1E2}"
EndProject
Global
	GlobalSection(SolutionConfigurationPlatforms) = preSolution
		Debug|Any CPU = Debug|Any CPU
		Release|Any CPU = Release|Any CPU
	EndGlobalSection
	GlobalSection(ProjectConfigurationPlatforms) = postSolution
		{986A9FC0-71D7-7CBD-4948-6E90307FB1E2}.Debug|Any CPU.ActiveCfg = Debug|Any CPU
		{986A9FC0-71D7-7CBD-4948-6E90307FB1E2}.Debug|Any CPU.Build.0 = Debug|Any CPU
		{986A9FC0-71D7-7CBD-4948-6E90307FB1E2}.Release|Any CPU.ActiveCfg = Release|Any CPU
		{986A9FC0-71D7-7CBD-4948-6E90307FB1E2}.Release|Any CPU.Build.0 = Release|Any CPU
	EndGlobalSection
	GlobalSection(SolutionProperties) = preSolution
		HideSolutionNode = FALSE
	EndGlobalSection
	GlobalSection(MonoDevelopProperties) = preSolution
		StartupItem = Assembly-CSharp.csproj
	EndGlobalSection
EndGlobal
